{
  "version": "2",
  "remote": {
    "https://cdn.jsdelivr.net/gh/justjavac/deno_unicode/category/Lo.ts": "3dbd0c292931bfd6e8a99755310d15079006178794c8245301acf2693d418a50",
    "https://cdn.jsdelivr.net/gh/justjavac/deno_unicode/types.ts": "f71442a00a59fe8edae7d3294cd38d43bb5f6df62ece6702ed684eab156667b0",
    "https://deno.land/std@0.173.0/fmt/colors.ts": "938c5d44d889fb82eff6c358bea8baa7e85950a16c9f6dae3ec3a7a729164471",
    "https://deno.land/std@0.173.0/testing/_diff.ts": "1a3c044aedf77647d6cac86b798c6417603361b66b54c53331b312caeb447aea",
    "https://deno.land/std@0.173.0/testing/_format.ts": "a69126e8a469009adf4cf2a50af889aca364c349797e63174884a52ff75cf4c7",
    "https://deno.land/std@0.173.0/testing/asserts.ts": "984ab0bfb3faeed92ffaa3a6b06536c66811185328c5dd146257c702c41b01ab",
    "https://deno.land/x/unicode@v1.0.0/category/Cc.ts": "b664dd8fccbcc2fa7417512aa837cc144ca049c6b71982b4e09860f7f19ef99c",
    "https://deno.land/x/unicode@v1.0.0/category/Cf.ts": "cba8dc39a6e67eeebb92999a4c27c84e1699cdd9e3a718bef56377df4b47e475",
    "https://deno.land/x/unicode@v1.0.0/category/Co.ts": "a45aeb58a69e4c12d38c9424a5a6ca40a6dcd767fed40bcf3090e1ba3c3e7a0c",
    "https://deno.land/x/unicode@v1.0.0/category/Cs.ts": "ae8a5acb8d9b18817ff8c1aba90fe82233b8971d718d81a34e36bf382b3b7296",
    "https://deno.land/x/unicode@v1.0.0/category/Ll.ts": "ae588de175f814b2ed58fa03506ab1e4094b782dfd2a2bcbb8937ebdd95a04aa",
    "https://deno.land/x/unicode@v1.0.0/category/Lm.ts": "4078db5c0caaf62f9fa898f358f262c4a8812007d577577139dc2f9aa8a71491",
    "https://deno.land/x/unicode@v1.0.0/category/Lt.ts": "e58601862cb7abd9d372b9b13fccf7e4aacbd8f075067d582f569c19ab0cb74e",
    "https://deno.land/x/unicode@v1.0.0/category/Lu.ts": "ac8b5cc5fd93cbc83146a5c9cdcb0ad62e6adef34091b2313385b0bcb73a2145",
    "https://deno.land/x/unicode@v1.0.0/category/Mc.ts": "f2292b3998d96928beafeeec7965d9171ca756c88da759ef35cc81fbcafb3c76",
    "https://deno.land/x/unicode@v1.0.0/category/Me.ts": "bbd56798d4bbc22ca8cb37639f80b44198eca3cbc97c10ba31706e83194fc9ab",
    "https://deno.land/x/unicode@v1.0.0/category/Mn.ts": "b3933817ce1c3dd78744c99d75e08736361a965045bf5be14c8a6bf6525addd4",
    "https://deno.land/x/unicode@v1.0.0/category/Nd.ts": "a04157e90f3d4e5a35c9218700b41559d3a6c1c7876133b9563180286ca67ffa",
    "https://deno.land/x/unicode@v1.0.0/category/Nl.ts": "0ed662060fc47167c18beac574f3877b922b2b9831950c96a544b0d259382672",
    "https://deno.land/x/unicode@v1.0.0/category/No.ts": "bdb6575be481e4b12693413889f880cbfe979a74cd3947e3d0d3a3b531efb5e3",
    "https://deno.land/x/unicode@v1.0.0/category/Pc.ts": "73cfba623fc8afda8b3d1e90c7d0410c426f5016797f775880c4f594bec6add1",
    "https://deno.land/x/unicode@v1.0.0/category/Pd.ts": "6aca59e59086cd923a36021560c1a23d8ac2988a10f476774586a35232efe7bd",
    "https://deno.land/x/unicode@v1.0.0/category/Pe.ts": "fd1d16dd8dce35a25322100f09b8f1dc0d174bdbafa4ae2d2dc9109b7ed5a513",
    "https://deno.land/x/unicode@v1.0.0/category/Pf.ts": "3c1efbabda672d61674bc153b8971f850ec520cf5fb7fca1969272d3a230570f",
    "https://deno.land/x/unicode@v1.0.0/category/Pi.ts": "057eb2715f6f581f4056fc1fb0e53e37163c010d7025b54880864e0a8004084a",
    "https://deno.land/x/unicode@v1.0.0/category/Po.ts": "3b70e23ebe6cea3960c264b1dc180a2b78c364ee7df66e9bd1768d9333c11dd3",
    "https://deno.land/x/unicode@v1.0.0/category/Ps.ts": "9082864db832d9f73fd0e3f529f8e99c4e5be9bae772bdcda26b2a2196d26255",
    "https://deno.land/x/unicode@v1.0.0/category/Sc.ts": "f7d1f6607119e3b1f07532b3d2d08f9180539fc42b81d219e204fdccea9571af",
    "https://deno.land/x/unicode@v1.0.0/category/Sk.ts": "f4f0ed77c12a092ada349b5a100b41fc2c9a92c7d29cfeb634035f78a76118f1",
    "https://deno.land/x/unicode@v1.0.0/category/Sm.ts": "799131da5edb2281a42a72bd836fd56bf56576783aeb672ecd99550dd89c8fd5",
    "https://deno.land/x/unicode@v1.0.0/category/So.ts": "952d54de1cf7bce206018e5df98dfcc8e95a40c324f8eefe7cc72fcc62edcf51",
    "https://deno.land/x/unicode@v1.0.0/category/Zl.ts": "609d4d31c22b82a34cb9c047f958cf7ba3f8da9e2437a07c6bfdaa22601cdabd",
    "https://deno.land/x/unicode@v1.0.0/category/Zp.ts": "2ac69e4dc22566cca5b77b8680c03785fe5a871d54a8125771db6227dc482340",
    "https://deno.land/x/unicode@v1.0.0/category/Zs.ts": "f88b20e780979b3d50ba79aa2128d6ef800a03e672479e38b9ab0cc30e0310bd",
    "https://deno.land/x/unicode@v1.0.0/mod.ts": "ec031df925f39065d44ae5f2aca7b79aca10ca2239fcf3cd44e9c3d7691d843d",
    "https://deno.land/x/unicode@v1.0.0/types.ts": "f71442a00a59fe8edae7d3294cd38d43bb5f6df62ece6702ed684eab156667b0"
  }
}
